{
	"name": "ide-kotlin",
	"version": "0.5.0",
	"lockfileVersion": 1,
	"requires": true,
	"dependencies": {
		"atom-languageclient": {
			"version": "0.9.9",
			"resolved": "https://registry.npmjs.org/atom-languageclient/-/atom-languageclient-0.9.9.tgz",
			"integrity": "sha512-eAKLFhprcDksPtDtG2lrhQEosNMxEbS7MISpw7n6TIoPmTgolvo+GPAF+nSV+Z9MCss91i+M+TNk9Mj5C7y/CQ==",
			"requires": {
				"fuzzaldrin-plus": "^0.6.0",
				"vscode-jsonrpc": "4.0.0",
				"vscode-languageserver-protocol": "3.12.0",
				"vscode-languageserver-types": "3.12.0"
			}
		},
		"buffer-from": {
			"version": "1.1.1",
			"resolved": "https://registry.npmjs.org/buffer-from/-/buffer-from-1.1.1.tgz",
			"integrity": "sha512-MQcXEUbCKtEo7bhqEs6560Hyd4XaovZlO/k9V3hjVUF/zwW7KBVdSK4gIt/bzwS9MbR5qob+F5jusZsb0YQK2A=="
		},
		"concat-stream": {
			"version": "1.6.2",
			"resolved": "https://registry.npmjs.org/concat-stream/-/concat-stream-1.6.2.tgz",
			"integrity": "sha512-27HBghJxjiZtIk3Ycvn/4kbJk/1uZuJFfuPEns6LaEvpvG1f0hTea8lilrouyo9mVc2GWdcEZ8OLoGmSADlrCw==",
			"requires": {
				"buffer-from": "^1.0.0",
				"inherits": "^2.0.3",
				"readable-stream": "^2.2.2",
				"typedarray": "^0.0.6"
			}
		},
		"core-util-is": {
			"version": "1.0.2",
			"resolved": "https://registry.npmjs.org/core-util-is/-/core-util-is-1.0.2.tgz",
			"integrity": "sha1-tf1UIgqivFq1eqtxQMlAdUUDwac="
		},
		"debug": {
			"version": "2.6.9",
			"resolved": "https://registry.npmjs.org/debug/-/debug-2.6.9.tgz",
			"integrity": "sha512-bC7ElrdJaJnPbAP+1EotYvqZsb3ecl5wi6Bfi6BJTUcNowp6cvspg0jXznRTKDjm/E7AdgFBVeAPVMNcKGsHMA==",
			"requires": {
				"ms": "2.0.0"
			}
		},
		"extract-zip": {
			"version": "1.6.7",
			"resolved": "https://registry.npmjs.org/extract-zip/-/extract-zip-1.6.7.tgz",
			"integrity": "sha1-qEC0uK9kAyZMjbV/Txp0Mz74H+k=",
			"requires": {
				"concat-stream": "1.6.2",
				"debug": "2.6.9",
				"mkdirp": "0.5.1",
				"yauzl": "2.4.1"
			}
		},
		"fd-slicer": {
			"version": "1.0.1",
			"resolved": "https://registry.npmjs.org/fd-slicer/-/fd-slicer-1.0.1.tgz",
			"integrity": "sha1-i1vL2ewyfFBBv5qwI/1nUPEXfmU=",
			"requires": {
				"pend": "~1.2.0"
			}
		},
		"fuzzaldrin-plus": {
			"version": "0.6.0",
			"resolved": "https://registry.npmjs.org/fuzzaldrin-plus/-/fuzzaldrin-plus-0.6.0.tgz",
			"integrity": "sha1-gy9kifvodnaUWVmckUpnDsIpR+4="
		},
		"inherits": {
			"version": "2.0.4",
			"resolved": "https://registry.npmjs.org/inherits/-/inherits-2.0.4.tgz",
			"integrity": "sha512-k/vGaX4/Yla3WzyMCvTQOXYeIHvqOKtnqBduzTHpzpQZzAskKMhZ2K+EnBiSM9zGSoIFeMpXKxa4dYeZIQqewQ=="
		},
		"isarray": {
			"version": "1.0.0",
			"resolved": "https://registry.npmjs.org/isarray/-/isarray-1.0.0.tgz",
			"integrity": "sha1-u5NdSFgsuhaMBoNJV6VKPgcSTxE="
		},
		"minimist": {
			"version": "0.0.8",
			"resolved": "https://registry.npmjs.org/minimist/-/minimist-0.0.8.tgz",
			"integrity": "sha1-hX/Kv8M5fSYluCKCYuhqp6ARsF0="
		},
		"mkdirp": {
			"version": "0.5.1",
			"resolved": "https://registry.npmjs.org/mkdirp/-/mkdirp-0.5.1.tgz",
			"integrity": "sha1-MAV0OOrGz3+MR2fzhkjWaX11yQM=",
			"requires": {
				"minimist": "0.0.8"
			}
		},
		"ms": {
			"version": "2.0.0",
			"resolved": "https://registry.npmjs.org/ms/-/ms-2.0.0.tgz",
			"integrity": "sha1-VgiurfwAvmwpAd9fmGF4jeDVl8g="
		},
		"nan": {
			"version": "2.14.0",
			"resolved": "https://registry.npmjs.org/nan/-/nan-2.14.0.tgz",
			"integrity": "sha512-INOFj37C7k3AfaNTtX8RhsTw7qRy7eLET14cROi9+5HAVbbHuIWUHEauBv5qT4Av2tWasiTY1Jw6puUNqRJXQg=="
		},
		"pend": {
			"version": "1.2.0",
			"resolved": "https://registry.npmjs.org/pend/-/pend-1.2.0.tgz",
			"integrity": "sha1-elfrVQpng/kRUzH89GY9XI4AelA="
		},
		"process-nextick-args": {
			"version": "2.0.1",
			"resolved": "https://registry.npmjs.org/process-nextick-args/-/process-nextick-args-2.0.1.tgz",
			"integrity": "sha512-3ouUOpQhtgrbOa17J7+uxOTpITYWaGP7/AhoR3+A+/1e9skrzelGi/dXzEYyvbxubEF6Wn2ypscTKiKJFFn1ag=="
		},
		"readable-stream": {
			"version": "2.3.6",
			"resolved": "https://registry.npmjs.org/readable-stream/-/readable-stream-2.3.6.tgz",
			"integrity": "sha512-tQtKA9WIAhBF3+VLAseyMqZeBjW0AHJoxOtYqSUZNJxauErmLbVm2FW1y+J/YA9dUrAC39ITejlZWhVIwawkKw==",
			"requires": {
				"core-util-is": "~1.0.0",
				"inherits": "~2.0.3",
				"isarray": "~1.0.0",
				"process-nextick-args": "~2.0.0",
				"safe-buffer": "~5.1.1",
				"string_decoder": "~1.1.1",
				"util-deprecate": "~1.0.1"
			}
		},
		"safe-buffer": {
			"version": "5.1.2",
			"resolved": "https://registry.npmjs.org/safe-buffer/-/safe-buffer-5.1.2.tgz",
			"integrity": "sha512-Gd2UZBJDkXlY7GbJxfsE8/nvKkUEU1G38c1siN6QP6a9PT9MmHB8GnpscSmMJSoF8LOIrt8ud/wPtojys4G6+g=="
		},
		"semver": {
			"version": "6.3.0",
			"resolved": "https://registry.npmjs.org/semver/-/semver-6.3.0.tgz",
			"integrity": "sha512-b39TBaTSfV6yBrapU89p5fKekE2m/NwnDocOVruQFS1/veMgdzuPcnOM34M6CwxW8jH/lxEa5rBoDeUwu5HHTw=="
		},
		"string_decoder": {
			"version": "1.1.1",
			"resolved": "https://registry.npmjs.org/string_decoder/-/string_decoder-1.1.1.tgz",
			"integrity": "sha512-n/ShnvDi6FHbbVfviro+WojiFzv+s8MPMHBczVePfUpDJLwoLT0ht1l4YwBCbi8pJAveEEdnkHyPyTP/mzRfwg==",
			"requires": {
				"safe-buffer": "~5.1.0"
			}
		},
		"tree-sitter-kotlin": {
			"version": "0.2.3",
			"resolved": "https://registry.npmjs.org/tree-sitter-kotlin/-/tree-sitter-kotlin-0.2.3.tgz",
			"integrity": "sha512-7sVDF0Flpd0EXsbBxduWLcJkIqqvGG7VfpGhd9ccPeiclh+TyFomBJenMLdYkAFK0g77xp3ebszS8PS9IqKiUA==",
			"requires": {
				"nan": "^2.12.1"
			}
		},
		"typedarray": {
			"version": "0.0.6",
			"resolved": "https://registry.npmjs.org/typedarray/-/typedarray-0.0.6.tgz",
			"integrity": "sha1-hnrHTjhkGHsdPUfZlqeOxciDB3c="
		},
		"util-deprecate": {
			"version": "1.0.2",
			"resolved": "https://registry.npmjs.org/util-deprecate/-/util-deprecate-1.0.2.tgz",
			"integrity": "sha1-RQ1Nyfpw3nMnYvvS1KKJgUGaDM8="
		},
		"vscode-jsonrpc": {
			"version": "4.0.0",
			"resolved": "https://registry.npmjs.org/vscode-jsonrpc/-/vscode-jsonrpc-4.0.0.tgz",
			"integrity": "sha512-perEnXQdQOJMTDFNv+UF3h1Y0z4iSiaN9jIlb0OqIYgosPCZGYh/MCUlkFtV2668PL69lRDO32hmvL2yiidUYg=="
		},
		"vscode-languageserver-protocol": {
			"version": "3.12.0",
			"resolved": "https://registry.npmjs.org/vscode-languageserver-protocol/-/vscode-languageserver-protocol-3.12.0.tgz",
			"integrity": "sha512-evY6hmyzLnwQrqlQWPrNBq1z8wrSNjLesmgPzeS6Zv11mVS5UJRel26hbM/DH5tHdn45huNzRW0eFHRmIm8LpA==",
			"requires": {
				"vscode-jsonrpc": "^3.6.2",
				"vscode-languageserver-types": "^3.12.0"
			},
			"dependencies": {
				"vscode-jsonrpc": {
					"version": "3.6.2",
					"resolved": "https://registry.npmjs.org/vscode-jsonrpc/-/vscode-jsonrpc-3.6.2.tgz",
					"integrity": "sha512-T24Jb5V48e4VgYliUXMnZ379ItbrXgOimweKaJshD84z+8q7ZOZjJan0MeDe+Ugb+uqERDVV8SBmemaGMSMugA=="
				}
			}
		},
		"vscode-languageserver-types": {
			"version": "3.12.0",
			"resolved": "https://registry.npmjs.org/vscode-languageserver-types/-/vscode-languageserver-types-3.12.0.tgz",
			"integrity": "sha512-UxqnpzBToPO7Mi2tr/s5JeyPOSKSJtLB8lIdxCg9ZNdvP2cU8wS7iTDtwQKz91Ne4CUmTdf85ddR5SIZKXmMjQ=="
		},
		"yauzl": {
			"version": "2.4.1",
			"resolved": "https://registry.npmjs.org/yauzl/-/yauzl-2.4.1.tgz",
			"integrity": "sha1-lSj0QtqxsihOWLQ3m7GU4i4MQAU=",
			"requires": {
				"fd-slicer": "~1.0.1"
			}
		}
	}
}
